{
  "requires": true,
  "lockfileVersion": 1,
  "dependencies": {
    "@babel/runtime": {
      "version": "7.6.3",
      "resolved": "https://registry.npm.taobao.org/@babel/runtime/download/@babel/runtime-7.6.3.tgz?cache=0&sync_timestamp=1570564351618&other_urls=https%3A%2F%2Fregistry.npm.taobao.org%2F%40babel%2Fruntime%2Fdownload%2F%40babel%2Fruntime-7.6.3.tgz",
      "integrity": "sha1-k1Eix0xz0iQMr9Mt21/Cps01zx8=",
      "requires": {
        "regenerator-runtime": "0.13.3"
      }
    },
    "@vant/icons": {
      "version": "1.1.15",
      "resolved": "https://registry.npm.taobao.org/@vant/icons/download/@vant/icons-1.1.15.tgz?cache=0&other_urls=https%3A%2F%2Fregistry.npm.taobao.org%2F%40vant%2Ficons%2Fdownload%2F%40vant%2Ficons-1.1.15.tgz",
      "integrity": "sha1-U8UaziHpmSv+6y4a2QlPv2UG0RY="
    },
    "@vue/babel-helper-vue-jsx-merge-props": {
      "version": "1.0.0",
      "resolved": "https://registry.npm.taobao.org/@vue/babel-helper-vue-jsx-merge-props/download/@vue/babel-helper-vue-jsx-merge-props-1.0.0.tgz",
      "integrity": "sha1-BI/leZWNpAj7eosqPsBQtQpmEEA="
    },
    "dom7": {
      "version": "2.1.3",
      "resolved": "https://registry.npmjs.org/dom7/-/dom7-2.1.3.tgz",
      "integrity": "sha512-QTxHHDox+M6ZFz1zHPAHZKI3JOHY5iY4i9BK2uctlggxKQwRhO3q3HHFq1BKsT25Bm/ySSj70K6Wk/G4bs9rMQ==",
      "requires": {
        "ssr-window": "1.0.1"
      }
    },
    "object-assign": {
      "version": "4.1.1",
      "resolved": "https://registry.npmjs.org/object-assign/-/object-assign-4.1.1.tgz",
      "integrity": "sha1-IQmtx5ZYh8/AXLvUQsrIv7s2CGM="
    },
    "regenerator-runtime": {
      "version": "0.13.3",
      "resolved": "https://registry.npm.taobao.org/regenerator-runtime/download/regenerator-runtime-0.13.3.tgz",
      "integrity": "sha1-fPanfY9cb2Drc8X8GVWyzrAea/U="
    },
    "ssr-window": {
      "version": "1.0.1",
      "resolved": "https://registry.npmjs.org/ssr-window/-/ssr-window-1.0.1.tgz",
      "integrity": "sha512-dgFqB+f00LJTEgb6UXhx0h+SrG50LJvti2yMKMqAgzfUmUXZrLSv2fjULF7AWGwK25EXu8+smLR3jYsJQChPsg=="
    },
    "swiper": {
      "version": "4.5.1",
      "resolved": "https://registry.npmjs.org/swiper/-/swiper-4.5.1.tgz",
      "integrity": "sha512-se6I7PWWu950NAMXXT+ENtF/6SVb8mPyO+bTfNxbQBILSeLqsYp3Ndap+YOA0EczOIUlea274PKejT6gKZDseA==",
      "requires": {
        "dom7": "2.1.3",
        "ssr-window": "1.0.1"
      }
    },
    "vant": {
      "version": "2.2.10",
      "resolved": "https://registry.npm.taobao.org/vant/download/vant-2.2.10.tgz",
      "integrity": "sha1-rAqkPn8n5WpyCXdPh7h62TYIO1E=",
      "requires": {
        "@babel/runtime": "7.6.3",
        "@vant/icons": "1.1.15",
        "@vue/babel-helper-vue-jsx-merge-props": "1.0.0",
        "vue-lazyload": "1.2.3"
      }
    },
    "vue-awesome-swiper": {
      "version": "3.1.3",
      "resolved": "https://registry.npmjs.org/vue-awesome-swiper/-/vue-awesome-swiper-3.1.3.tgz",
      "integrity": "sha512-E7suzkyApO8vNZbgdEnjSmnpsmQZyRvSVXJ7sey3XYwKPOkLhH3+GnHroBw+5PZIQXvWBwdCeQsPG1xQ1r1Rhg==",
      "requires": {
        "object-assign": "4.1.1",
        "swiper": "4.5.1"
      }
    },
    "vue-lazyload": {
      "version": "1.2.3",
      "resolved": "https://registry.npm.taobao.org/vue-lazyload/download/vue-lazyload-1.2.3.tgz?cache=0&sync_timestamp=1568830051812&other_urls=https%3A%2F%2Fregistry.npm.taobao.org%2Fvue-lazyload%2Fdownload%2Fvue-lazyload-1.2.3.tgz",
      "integrity": "sha1-kB+ewVx+bKeHgaK65KNDaGve2yw="
    }
  }
}
